
Microsoft Visual Studio Solution File, Format Version 12.00
# Visual Studio Version 17
VisualStudioVersion = 17.14.36518.9 d17.14
MinimumVisualStudioVersion = 10.0.40219.1
Project("{FAE04EC0-301F-11D3-BF4B-00C04F79EFBC}") = "SocialMediaPlatform", "SocialMediaPlatform\SocialMediaPlatform.csproj", "{B8C339C9-6682-4348-8714-8038EDBA41EC}"
EndProject
Global
	GlobalSection(SolutionConfigurationPlatforms) = preSolution
		Debug|Any CPU = Debug|Any CPU
		Release|Any CPU = Release|Any CPU
	EndGlobalSection
	GlobalSection(ProjectConfigurationPlatforms) = postSolution
		{B8C339C9-6682-4348-8714-8038EDBA41EC}.Debug|Any CPU.ActiveCfg = Debug|Any CPU
		{B8C339C9-6682-4348-8714-8038EDBA41EC}.Debug|Any CPU.Build.0 = Debug|Any CPU
		{B8C339C9-6682-4348-8714-8038EDBA41EC}.Release|Any CPU.ActiveCfg = Release|Any CPU
		{B8C339C9-6682-4348-8714-8038EDBA41EC}.Release|Any CPU.Build.0 = Release|Any CPU
	EndGlobalSection
	GlobalSection(SolutionProperties) = preSolution
		HideSolutionNode = FALSE
	EndGlobalSection
	GlobalSection(ExtensibilityGlobals) = postSolution
		SolutionGuid = {A1FA69D0-9342-42A1-8BB8-EBB5C4ED439D}
	EndGlobalSection
EndGlobal
